
Microsoft Visual Studio Solution File, Format Version 12.00
# Visual Studio Version 16
VisualStudioVersion = 16.0.31019.35
MinimumVisualStudioVersion = 10.0.40219.1
Project("{FAE04EC0-301F-11D3-BF4B-00C04F79EFBC}") = "FirstTaskUpdated", "FirstTaskUpdated\FirstTaskUpdated.csproj", "{2BCD1BB5-0400-4E67-B1A1-B05B521D3151}"
EndProject
Global
	GlobalSection(SolutionConfigurationPlatforms) = preSolution
		Debug|Any CPU = Debug|Any CPU
		Release|Any CPU = Release|Any CPU
	EndGlobalSection
	GlobalSection(ProjectConfigurationPlatforms) = postSolution
		{2BCD1BB5-0400-4E67-B1A1-B05B521D3151}.Debug|Any CPU.ActiveCfg = Debug|Any CPU
		{2BCD1BB5-0400-4E67-B1A1-B05B521D3151}.Debug|Any CPU.Build.0 = Debug|Any CPU
		{2BCD1BB5-0400-4E67-B1A1-B05B521D3151}.Release|Any CPU.ActiveCfg = Release|Any CPU
		{2BCD1BB5-0400-4E67-B1A1-B05B521D3151}.Release|Any CPU.Build.0 = Release|Any CPU
	EndGlobalSection
	GlobalSection(SolutionProperties) = preSolution
		HideSolutionNode = FALSE
	EndGlobalSection
	GlobalSection(ExtensibilityGlobals) = postSolution
		SolutionGuid = {7D052EE8-AEBE-4674-9948-376A3716A863}
	EndGlobalSection
EndGlobal
